{
  "name": "natsws-sandox",
  "version": "1.0.0",
  "lockfileVersion": 1,
  "requires": true,
  "dependencies": {
    "js-nuid": {
      "version": "1.1.1-4",
      "resolved": "https://registry.npmjs.org/js-nuid/-/js-nuid-1.1.1-4.tgz",
      "integrity": "sha512-AVzfCb0jR72OJY7TeCI6IXpHxGq5mRYpex9IOePmHJAHvYTm2CRtwFoD7oReKwI6awbkdClsKxrG1U6pTo4yuw=="
    },
    "nats.ws": {
      "version": "1.0.0-17",
      "resolved": "https://registry.npmjs.org/nats.ws/-/nats.ws-1.0.0-17.tgz",
      "integrity": "sha512-kDaoLULNZBINGu1fOGRWB27i015PgHZQfc7qhVg6xWpUnzUQizSEGmpRojVjzSqixe2KJk3dCGORPgHsa47Abg==",
      "requires": {
        "js-nuid": "^1.1.1-4"
      }
    }
  }
}
