{
  "name": "nats-wsdemo",
  "version": "1.0.0",
  "lockfileVersion": 1,
  "requires": true,
  "dependencies": {
    "js-nuid": {
      "version": "1.1.1-4",
      "resolved": "https://registry.npmjs.org/js-nuid/-/js-nuid-1.1.1-4.tgz",
      "integrity": "sha512-AVzfCb0jR72OJY7TeCI6IXpHxGq5mRYpex9IOePmHJAHvYTm2CRtwFoD7oReKwI6awbkdClsKxrG1U6pTo4yuw=="
    },
    "nats.ws": {
      "version": "1.0.0-16",
      "resolved": "https://registry.npmjs.org/nats.ws/-/nats.ws-1.0.0-16.tgz",
      "integrity": "sha512-JgmlXHdHLLQwP3PIW444zX3Roy/ZxBsNwjEXYEf/Bv8xXuX/2aP7LuuKnX2z3yveV6qxpWPuyTCQiQiNAiFbcQ==",
      "requires": {
        "js-nuid": "^1.1.1-4"
      }
    }
  }
}
